
Microsoft Visual Studio Solution File, Format Version 12.00
# Visual Studio Version 17
VisualStudioVersion = 17.14.35906.104 d17.14
MinimumVisualStudioVersion = 10.0.40219.1
Project("{FAE04EC0-301F-11D3-BF4B-00C04F79EFBC}") = "Store.Api", "Store.Api\Store.Api.csproj", "{68CE4B75-D24A-42D1-BCBA-48563602796E}"
EndProject
Project("{2150E333-8FDC-42A3-9474-1A3956D46DE8}") = "Core", "Core", "{02EA681E-C7D8-13C7-8484-4AC65E1B71E8}"
EndProject
Project("{FAE04EC0-301F-11D3-BF4B-00C04F79EFBC}") = "Domain", "Domain\Domain.csproj", "{9235E061-FB83-44FB-B15E-32FA8F6D61E1}"
EndProject
Project("{FAE04EC0-301F-11D3-BF4B-00C04F79EFBC}") = "Services", "Services\Services.csproj", "{DDB0BC2A-85BB-45A1-A844-04BB6976F1A8}"
EndProject
Project("{FAE04EC0-301F-11D3-BF4B-00C04F79EFBC}") = "Services.Abstractions", "Services.Abstractions\Services.Abstractions.csproj", "{828A3835-D1D1-403F-8505-B0682EF5C3F4}"
EndProject
Project("{2150E333-8FDC-42A3-9474-1A3956D46DE8}") = "Infrastructur", "Infrastructur", "{9DD162C7-E3D9-47B6-BEFF-1A493EBAD82B}"
EndProject
Project("{FAE04EC0-301F-11D3-BF4B-00C04F79EFBC}") = "Persistence", "Persistence\Persistence.csproj", "{CA33B3A8-F34F-48E9-879D-BDB360263716}"
EndProject
Project("{FAE04EC0-301F-11D3-BF4B-00C04F79EFBC}") = "Presentation", "Presentation\Presentation.csproj", "{18FB3CE1-C6FB-4467-B966-E48C8EE1815A}"
EndProject
Project("{FAE04EC0-301F-11D3-BF4B-00C04F79EFBC}") = "Shared", "Shared\Shared.csproj", "{689BAA4D-C218-498D-9920-479F25478DD6}"
EndProject
Global
	GlobalSection(SolutionConfigurationPlatforms) = preSolution
		Debug|Any CPU = Debug|Any CPU
		Release|Any CPU = Release|Any CPU
	EndGlobalSection
	GlobalSection(ProjectConfigurationPlatforms) = postSolution
		{68CE4B75-D24A-42D1-BCBA-48563602796E}.Debug|Any CPU.ActiveCfg = Debug|Any CPU
		{68CE4B75-D24A-42D1-BCBA-48563602796E}.Debug|Any CPU.Build.0 = Debug|Any CPU
		{68CE4B75-D24A-42D1-BCBA-48563602796E}.Release|Any CPU.ActiveCfg = Release|Any CPU
		{68CE4B75-D24A-42D1-BCBA-48563602796E}.Release|Any CPU.Build.0 = Release|Any CPU
		{9235E061-FB83-44FB-B15E-32FA8F6D61E1}.Debug|Any CPU.ActiveCfg = Debug|Any CPU
		{9235E061-FB83-44FB-B15E-32FA8F6D61E1}.Debug|Any CPU.Build.0 = Debug|Any CPU
		{9235E061-FB83-44FB-B15E-32FA8F6D61E1}.Release|Any CPU.ActiveCfg = Release|Any CPU
		{9235E061-FB83-44FB-B15E-32FA8F6D61E1}.Release|Any CPU.Build.0 = Release|Any CPU
		{DDB0BC2A-85BB-45A1-A844-04BB6976F1A8}.Debug|Any CPU.ActiveCfg = Debug|Any CPU
		{DDB0BC2A-85BB-45A1-A844-04BB6976F1A8}.Debug|Any CPU.Build.0 = Debug|Any CPU
		{DDB0BC2A-85BB-45A1-A844-04BB6976F1A8}.Release|Any CPU.ActiveCfg = Release|Any CPU
		{DDB0BC2A-85BB-45A1-A844-04BB6976F1A8}.Release|Any CPU.Build.0 = Release|Any CPU
		{828A3835-D1D1-403F-8505-B0682EF5C3F4}.Debug|Any CPU.ActiveCfg = Debug|Any CPU
		{828A3835-D1D1-403F-8505-B0682EF5C3F4}.Debug|Any CPU.Build.0 = Debug|Any CPU
		{828A3835-D1D1-403F-8505-B0682EF5C3F4}.Release|Any CPU.ActiveCfg = Release|Any CPU
		{828A3835-D1D1-403F-8505-B0682EF5C3F4}.Release|Any CPU.Build.0 = Release|Any CPU
		{CA33B3A8-F34F-48E9-879D-BDB360263716}.Debug|Any CPU.ActiveCfg = Debug|Any CPU
		{CA33B3A8-F34F-48E9-879D-BDB360263716}.Debug|Any CPU.Build.0 = Debug|Any CPU
		{CA33B3A8-F34F-48E9-879D-BDB360263716}.Release|Any CPU.ActiveCfg = Release|Any CPU
		{CA33B3A8-F34F-48E9-879D-BDB360263716}.Release|Any CPU.Build.0 = Release|Any CPU
		{18FB3CE1-C6FB-4467-B966-E48C8EE1815A}.Debug|Any CPU.ActiveCfg = Debug|Any CPU
		{18FB3CE1-C6FB-4467-B966-E48C8EE1815A}.Debug|Any CPU.Build.0 = Debug|Any CPU
		{18FB3CE1-C6FB-4467-B966-E48C8EE1815A}.Release|Any CPU.ActiveCfg = Release|Any CPU
		{18FB3CE1-C6FB-4467-B966-E48C8EE1815A}.Release|Any CPU.Build.0 = Release|Any CPU
		{689BAA4D-C218-498D-9920-479F25478DD6}.Debug|Any CPU.ActiveCfg = Debug|Any CPU
		{689BAA4D-C218-498D-9920-479F25478DD6}.Debug|Any CPU.Build.0 = Debug|Any CPU
		{689BAA4D-C218-498D-9920-479F25478DD6}.Release|Any CPU.ActiveCfg = Release|Any CPU
		{689BAA4D-C218-498D-9920-479F25478DD6}.Release|Any CPU.Build.0 = Release|Any CPU
	EndGlobalSection
	GlobalSection(SolutionProperties) = preSolution
		HideSolutionNode = FALSE
	EndGlobalSection
	GlobalSection(NestedProjects) = preSolution
		{9235E061-FB83-44FB-B15E-32FA8F6D61E1} = {02EA681E-C7D8-13C7-8484-4AC65E1B71E8}
		{DDB0BC2A-85BB-45A1-A844-04BB6976F1A8} = {02EA681E-C7D8-13C7-8484-4AC65E1B71E8}
		{828A3835-D1D1-403F-8505-B0682EF5C3F4} = {02EA681E-C7D8-13C7-8484-4AC65E1B71E8}
		{CA33B3A8-F34F-48E9-879D-BDB360263716} = {9DD162C7-E3D9-47B6-BEFF-1A493EBAD82B}
		{18FB3CE1-C6FB-4467-B966-E48C8EE1815A} = {9DD162C7-E3D9-47B6-BEFF-1A493EBAD82B}
	EndGlobalSection
	GlobalSection(ExtensibilityGlobals) = postSolution
		SolutionGuid = {41EB126C-24F6-4AE3-9D05-C0C169F85452}
	EndGlobalSection
EndGlobal
